
Microsoft Visual Studio Solution File, Format Version 12.00
# Visual Studio Version 16
VisualStudioVersion = 16.0.30114.105
MinimumVisualStudioVersion = 10.0.40219.1
Project("{888888A0-9F3D-457C-B088-3A5042F75D52}") = "InstaBot", "InstaBot\InstaBot.pyproj", "{2BE0A5C2-61A8-4E71-B857-78E32D69C774}"
EndProject
Global
	GlobalSection(SolutionConfigurationPlatforms) = preSolution
		Debug|Any CPU = Debug|Any CPU
		Release|Any CPU = Release|Any CPU
	EndGlobalSection
	GlobalSection(ProjectConfigurationPlatforms) = postSolution
		{2BE0A5C2-61A8-4E71-B857-78E32D69C774}.Debug|Any CPU.ActiveCfg = Debug|Any CPU
		{2BE0A5C2-61A8-4E71-B857-78E32D69C774}.Release|Any CPU.ActiveCfg = Release|Any CPU
	EndGlobalSection
	GlobalSection(SolutionProperties) = preSolution
		HideSolutionNode = FALSE
	EndGlobalSection
	GlobalSection(ExtensibilityGlobals) = postSolution
		SolutionGuid = {2E263167-E28D-4B5B-9A90-9A5F0F79FCAB}
	EndGlobalSection
EndGlobal
